// !$*UTF8*$!
{
	archiveVersion = 1;
	classes = {
	};
	objectVersion = 77;
	objects = {

/* Begin PBXBuildFile section */
		14D0DEBA4AE9FF71DE45C20E /* engine.bundle.js in Resources */ = {isa = PBXBuildFile; fileRef = D42EBCCAD88FA4BCC13FBFA9 /* engine.bundle.js */; };
		2B0000014B0D500000A11001 /* AddTorrentSheet.swift in Sources */ = {isa = PBXBuildFile; fileRef = 2B0000114B0D500000A11001 /* AddTorrentSheet.swift */; };
		2B0000024B0D500000A11001 /* TorrentDetailScreen.swift in Sources */ = {isa = PBXBuildFile; fileRef = 2B0000124B0D500000A11001 /* TorrentDetailScreen.swift */; };
		2B0000034B0D500000A11001 /* TorrentListScreen.swift in Sources */ = {isa = PBXBuildFile; fileRef = 2B0000134B0D500000A11001 /* TorrentListScreen.swift */; };
		2B0000044B0D500000A11001 /* TorrentPresentation.swift in Sources */ = {isa = PBXBuildFile; fileRef = 2B0000144B0D500000A11001 /* TorrentPresentation.swift */; };
		2B0000054B0D500000A11001 /* TorrentRowView.swift in Sources */ = {isa = PBXBuildFile; fileRef = 2B0000154B0D500000A11001 /* TorrentRowView.swift */; };
		2B0000064B0D500000A11001 /* AppModel.swift in Sources */ = {isa = PBXBuildFile; fileRef = 2B0000164B0D500000A11001 /* AppModel.swift */; };
		2B0000074B0D500000A11001 /* AppSettings.swift in Sources */ = {isa = PBXBuildFile; fileRef = 2B0000174B0D500000A11001 /* AppSettings.swift */; };
		2B0000084B0D500000A11001 /* SettingsScreen.swift in Sources */ = {isa = PBXBuildFile; fileRef = 2B0000184B0D500000A11001 /* SettingsScreen.swift */; };
		2A99DDB24B0D3D1000A11001 /* Localization in Resources */ = {isa = PBXBuildFile; fileRef = 2A99DDB14B0D3D1000A11001 /* Localization */; };
		6CCBAA87D0DCC327C53968D3 /* ContentView.swift in Sources */ = {isa = PBXBuildFile; fileRef = 5B012998E4009CF290CCAF7E /* ContentView.swift */; };
		7B7E4FD32DF59FC52DE694D2 /* JSTorrentApp.swift in Sources */ = {isa = PBXBuildFile; fileRef = 77CB7D9B46BAA2B050B421FF /* JSTorrentApp.swift */; };
		8F71B3A24B0D3D1000A11001 /* AppLocalization.swift in Sources */ = {isa = PBXBuildFile; fileRef = 8F71B3A14B0D3D1000A11001 /* AppLocalization.swift */; };
		89B8E15EA38D9491C623EDD0 /* JSTorrentKit in Frameworks */ = {isa = PBXBuildFile; productRef = DBD1CCB10854125B9C670D93 /* JSTorrentKit */; };
		BDC7B7C6BE183AC5FE0C3006 /* JSTorrentKit in Frameworks */ = {isa = PBXBuildFile; productRef = 1FC6A8EBDD6677BB8585120F /* JSTorrentKit */; };
		F941D1487154D48C8EBE9632 /* JSTorrentAppTests.swift in Sources */ = {isa = PBXBuildFile; fileRef = DF9D039DAF0D97EBCEA1C5B7 /* JSTorrentAppTests.swift */; };
/* End PBXBuildFile section */

/* Begin PBXFileReference section */
		2A99DDB14B0D3D1000A11001 /* Localization */ = {isa = PBXFileReference; lastKnownFileType = folder; path = Localization; sourceTree = "<group>"; };
		2B0000114B0D500000A11001 /* AddTorrentSheet.swift */ = {isa = PBXFileReference; lastKnownFileType = sourcecode.swift; path = AddTorrentSheet.swift; sourceTree = "<group>"; };
		2B0000124B0D500000A11001 /* TorrentDetailScreen.swift */ = {isa = PBXFileReference; lastKnownFileType = sourcecode.swift; path = TorrentDetailScreen.swift; sourceTree = "<group>"; };
		2B0000134B0D500000A11001 /* TorrentListScreen.swift */ = {isa = PBXFileReference; lastKnownFileType = sourcecode.swift; path = TorrentListScreen.swift; sourceTree = "<group>"; };
		2B0000144B0D500000A11001 /* TorrentPresentation.swift */ = {isa = PBXFileReference; lastKnownFileType = sourcecode.swift; path = TorrentPresentation.swift; sourceTree = "<group>"; };
		2B0000154B0D500000A11001 /* TorrentRowView.swift */ = {isa = PBXFileReference; lastKnownFileType = sourcecode.swift; path = TorrentRowView.swift; sourceTree = "<group>"; };
		2B0000164B0D500000A11001 /* AppModel.swift */ = {isa = PBXFileReference; lastKnownFileType = sourcecode.swift; path = AppModel.swift; sourceTree = "<group>"; };
		2B0000174B0D500000A11001 /* AppSettings.swift */ = {isa = PBXFileReference; lastKnownFileType = sourcecode.swift; path = AppSettings.swift; sourceTree = "<group>"; };
		2B0000184B0D500000A11001 /* SettingsScreen.swift */ = {isa = PBXFileReference; lastKnownFileType = sourcecode.swift; path = SettingsScreen.swift; sourceTree = "<group>"; };
		55EE78D153C235CF3D6F72D9 /* JSTorrentAppTests.xctest */ = {isa = PBXFileReference; includeInIndex = 0; lastKnownFileType = wrapper.cfbundle; path = JSTorrentAppTests.xctest; sourceTree = BUILT_PRODUCTS_DIR; };
		5B012998E4009CF290CCAF7E /* ContentView.swift */ = {isa = PBXFileReference; lastKnownFileType = sourcecode.swift; path = ContentView.swift; sourceTree = "<group>"; };
		77CB7D9B46BAA2B050B421FF /* JSTorrentApp.swift */ = {isa = PBXFileReference; lastKnownFileType = sourcecode.swift; path = JSTorrentApp.swift; sourceTree = "<group>"; };
		8F71B3A14B0D3D1000A11001 /* AppLocalization.swift */ = {isa = PBXFileReference; lastKnownFileType = sourcecode.swift; path = AppLocalization.swift; sourceTree = "<group>"; };
		90F5A68B10DEC3AD5AC1CA77 /* JSTorrentKit */ = {isa = PBXFileReference; lastKnownFileType = folder; name = JSTorrentKit; path = JSTorrentKit; sourceTree = SOURCE_ROOT; };
		D42EBCCAD88FA4BCC13FBFA9 /* engine.bundle.js */ = {isa = PBXFileReference; lastKnownFileType = sourcecode.javascript; path = engine.bundle.js; sourceTree = "<group>"; };
		DF9D039DAF0D97EBCEA1C5B7 /* JSTorrentAppTests.swift */ = {isa = PBXFileReference; lastKnownFileType = sourcecode.swift; path = JSTorrentAppTests.swift; sourceTree = "<group>"; };
		E727462DC21C294DFC3C9A4A /* JSTorrent.app */ = {isa = PBXFileReference; includeInIndex = 0; lastKnownFileType = wrapper.application; path = JSTorrent.app; sourceTree = BUILT_PRODUCTS_DIR; };
/* End PBXFileReference section */

/* Begin PBXFrameworksBuildPhase section */
		63441E573DE407E8148EA387 /* Frameworks */ = {
			isa = PBXFrameworksBuildPhase;
			buildActionMask = 2147483647;
			files = (
				BDC7B7C6BE183AC5FE0C3006 /* JSTorrentKit in Frameworks */,
			);
			runOnlyForDeploymentPostprocessing = 0;
		};
		D5776797465349B3944F3633 /* Frameworks */ = {
			isa = PBXFrameworksBuildPhase;
			buildActionMask = 2147483647;
			files = (
				89B8E15EA38D9491C623EDD0 /* JSTorrentKit in Frameworks */,
			);
			runOnlyForDeploymentPostprocessing = 0;
		};
/* End PBXFrameworksBuildPhase section */

/* Begin PBXGroup section */
		13DBA4895A7E0DC9234CCAAD /* Packages */ = {
			isa = PBXGroup;
			children = (
				90F5A68B10DEC3AD5AC1CA77 /* JSTorrentKit */,
			);
			name = Packages;
			sourceTree = "<group>";
		};
		390072683EF148D3919935D3 /* Products */ = {
			isa = PBXGroup;
			children = (
				E727462DC21C294DFC3C9A4A /* JSTorrent.app */,
				55EE78D153C235CF3D6F72D9 /* JSTorrentAppTests.xctest */,
			);
			name = Products;
			sourceTree = "<group>";
		};
		BABCFB50489C50B114C29ABC /* JSTorrentAppTests */ = {
			isa = PBXGroup;
			children = (
				DF9D039DAF0D97EBCEA1C5B7 /* JSTorrentAppTests.swift */,
			);
			path = JSTorrentAppTests;
			sourceTree = "<group>";
		};
		D8EB6131933D516881FAD8D2 /* Resources */ = {
			isa = PBXGroup;
			children = (
				2A99DDB14B0D3D1000A11001 /* Localization */,
				D42EBCCAD88FA4BCC13FBFA9 /* engine.bundle.js */,
			);
			name = Resources;
			path = JSTorrent/Resources;
			sourceTree = "<group>";
		};
		F89205EDE715410077131A31 /* App */ = {
			isa = PBXGroup;
			children = (
				2B0000114B0D500000A11001 /* AddTorrentSheet.swift */,
				8F71B3A14B0D3D1000A11001 /* AppLocalization.swift */,
				2B0000164B0D500000A11001 /* AppModel.swift */,
				2B0000174B0D500000A11001 /* AppSettings.swift */,
				5B012998E4009CF290CCAF7E /* ContentView.swift */,
				77CB7D9B46BAA2B050B421FF /* JSTorrentApp.swift */,
				2B0000184B0D500000A11001 /* SettingsScreen.swift */,
				2B0000124B0D500000A11001 /* TorrentDetailScreen.swift */,
				2B0000134B0D500000A11001 /* TorrentListScreen.swift */,
				2B0000144B0D500000A11001 /* TorrentPresentation.swift */,
				2B0000154B0D500000A11001 /* TorrentRowView.swift */,
			);
			name = App;
			path = JSTorrent/App;
			sourceTree = "<group>";
		};
		FFF0D99DC82AB69011CAB506 = {
			isa = PBXGroup;
			children = (
				F89205EDE715410077131A31 /* App */,
				BABCFB50489C50B114C29ABC /* JSTorrentAppTests */,
				13DBA4895A7E0DC9234CCAAD /* Packages */,
				D8EB6131933D516881FAD8D2 /* Resources */,
				390072683EF148D3919935D3 /* Products */,
			);
			sourceTree = "<group>";
		};
/* End PBXGroup section */

/* Begin PBXNativeTarget section */
		A4C9AD53F0C4168D99818BC6 /* JSTorrentAppTests */ = {
			isa = PBXNativeTarget;
			buildConfigurationList = DF98ABD329AF8E1DFF6AD4A7 /* Build configuration list for PBXNativeTarget "JSTorrentAppTests" */;
			buildPhases = (
				D909E914F69F332B922AE9E5 /* Sources */,
				63441E573DE407E8148EA387 /* Frameworks */,
			);
			buildRules = (
			);
			dependencies = (
			);
			name = JSTorrentAppTests;
			packageProductDependencies = (
				1FC6A8EBDD6677BB8585120F /* JSTorrentKit */,
			);
			productName = JSTorrentAppTests;
			productReference = 55EE78D153C235CF3D6F72D9 /* JSTorrentAppTests.xctest */;
			productType = "com.apple.product-type.bundle.unit-test";
		};
		D57E0040BF12CD2924A95549 /* JSTorrent */ = {
			isa = PBXNativeTarget;
			buildConfigurationList = CFBC116D140E74B06C0F4C3D /* Build configuration list for PBXNativeTarget "JSTorrent" */;
			buildPhases = (
				8BAFD435C86B1D4BAF50BF89 /* Sync Engine Bundle */,
				4666C7C9C3DF2604893B0CBD /* Sources */,
				AA3F5479D4160FE0E3CE92D4 /* Resources */,
				D5776797465349B3944F3633 /* Frameworks */,
			);
			buildRules = (
			);
			dependencies = (
			);
			name = JSTorrent;
			packageProductDependencies = (
				DBD1CCB10854125B9C670D93 /* JSTorrentKit */,
			);
			productName = JSTorrent;
			productReference = E727462DC21C294DFC3C9A4A /* JSTorrent.app */;
			productType = "com.apple.product-type.application";
		};
/* End PBXNativeTarget section */

/* Begin PBXProject section */
		31DB1013D487875DC93B270E /* Project object */ = {
			isa = PBXProject;
			attributes = {
				BuildIndependentTargetsInParallel = YES;
				LastUpgradeCheck = 1430;
				TargetAttributes = {
				};
			};
			buildConfigurationList = 414723C2C228D69BE4BA80A3 /* Build configuration list for PBXProject "JSTorrent" */;
			developmentRegion = en;
			hasScannedForEncodings = 0;
			knownRegions = (
				Base,
				en,
			);
			mainGroup = FFF0D99DC82AB69011CAB506;
			minimizedProjectReferenceProxies = 1;
			packageReferences = (
				E6333F41143F5A0EA54893F5 /* XCLocalSwiftPackageReference "JSTorrentKit" */,
			);
			preferredProjectObjectVersion = 77;
			productRefGroup = 390072683EF148D3919935D3 /* Products */;
			projectDirPath = "";
			projectRoot = "";
			targets = (
				D57E0040BF12CD2924A95549 /* JSTorrent */,
				A4C9AD53F0C4168D99818BC6 /* JSTorrentAppTests */,
			);
		};
/* End PBXProject section */

/* Begin PBXResourcesBuildPhase section */
		AA3F5479D4160FE0E3CE92D4 /* Resources */ = {
			isa = PBXResourcesBuildPhase;
			buildActionMask = 2147483647;
			files = (
				2A99DDB24B0D3D1000A11001 /* Localization in Resources */,
				14D0DEBA4AE9FF71DE45C20E /* engine.bundle.js in Resources */,
			);
			runOnlyForDeploymentPostprocessing = 0;
		};
/* End PBXResourcesBuildPhase section */

/* Begin PBXShellScriptBuildPhase section */
		8BAFD435C86B1D4BAF50BF89 /* Sync Engine Bundle */ = {
			isa = PBXShellScriptBuildPhase;
			buildActionMask = 2147483647;
			files = (
			);
			inputFileListPaths = (
			);
			inputPaths = (
				"${SRCROOT}/scripts/sync-engine-bundle.sh",
				"${SRCROOT}/../packages/engine/dist/engine.native.js",
			);
			name = "Sync Engine Bundle";
			outputFileListPaths = (
			);
			outputPaths = (
				"${SRCROOT}/JSTorrent/Resources/engine.bundle.js",
			);
			runOnlyForDeploymentPostprocessing = 0;
			shellPath = /bin/sh;
			shellScript = "if [ -x \"${SRCROOT}/scripts/sync-engine-bundle.sh\" ]; then\n  \"${SRCROOT}/scripts/sync-engine-bundle.sh\"\nfi\n";
		};
/* End PBXShellScriptBuildPhase section */

/* Begin PBXSourcesBuildPhase section */
		4666C7C9C3DF2604893B0CBD /* Sources */ = {
			isa = PBXSourcesBuildPhase;
			buildActionMask = 2147483647;
			files = (
				2B0000014B0D500000A11001 /* AddTorrentSheet.swift in Sources */,
				2B0000024B0D500000A11001 /* TorrentDetailScreen.swift in Sources */,
				2B0000034B0D500000A11001 /* TorrentListScreen.swift in Sources */,
				2B0000044B0D500000A11001 /* TorrentPresentation.swift in Sources */,
				2B0000054B0D500000A11001 /* TorrentRowView.swift in Sources */,
				2B0000064B0D500000A11001 /* AppModel.swift in Sources */,
				2B0000074B0D500000A11001 /* AppSettings.swift in Sources */,
				2B0000084B0D500000A11001 /* SettingsScreen.swift in Sources */,
				8F71B3A24B0D3D1000A11001 /* AppLocalization.swift in Sources */,
				6CCBAA87D0DCC327C53968D3 /* ContentView.swift in Sources */,
				7B7E4FD32DF59FC52DE694D2 /* JSTorrentApp.swift in Sources */,
			);
			runOnlyForDeploymentPostprocessing = 0;
		};
		D909E914F69F332B922AE9E5 /* Sources */ = {
			isa = PBXSourcesBuildPhase;
			buildActionMask = 2147483647;
			files = (
				F941D1487154D48C8EBE9632 /* JSTorrentAppTests.swift in Sources */,
			);
			runOnlyForDeploymentPostprocessing = 0;
		};
/* End PBXSourcesBuildPhase section */

/* Begin XCBuildConfiguration section */
		35B6885F8BD03B753B1E16B9 /* Release */ = {
			isa = XCBuildConfiguration;
			buildSettings = {
				BUNDLE_LOADER = "$(TEST_HOST)";
				GENERATE_INFOPLIST_FILE = YES;
				IPHONEOS_DEPLOYMENT_TARGET = 16.0;
				LD_RUNPATH_SEARCH_PATHS = (
					"$(inherited)",
					"@executable_path/Frameworks",
					"@loader_path/Frameworks",
				);
				PRODUCT_BUNDLE_IDENTIFIER = com.jstorrent.ios.tests;
				SDKROOT = iphoneos;
				SWIFT_VERSION = 5.1;
				TARGETED_DEVICE_FAMILY = "1,2";
			};
			name = Release;
		};
		388AB90FCD691B5DF6E20688 /* Debug */ = {
			isa = XCBuildConfiguration;
			buildSettings = {
				BUNDLE_LOADER = "$(TEST_HOST)";
				GENERATE_INFOPLIST_FILE = YES;
				IPHONEOS_DEPLOYMENT_TARGET = 16.0;
				LD_RUNPATH_SEARCH_PATHS = (
					"$(inherited)",
					"@executable_path/Frameworks",
					"@loader_path/Frameworks",
				);
				PRODUCT_BUNDLE_IDENTIFIER = com.jstorrent.ios.tests;
				SDKROOT = iphoneos;
				SWIFT_VERSION = 5.1;
				TARGETED_DEVICE_FAMILY = "1,2";
			};
			name = Debug;
		};
		3AEE1CAC69BD215E63D6D18E /* Release */ = {
			isa = XCBuildConfiguration;
			buildSettings = {
				ASSETCATALOG_COMPILER_APPICON_NAME = AppIcon;
				CODE_SIGN_IDENTITY = "iPhone Developer";
				GENERATE_INFOPLIST_FILE = NO;
				INFOPLIST_FILE = JSTorrent/Info.plist;
				IPHONEOS_DEPLOYMENT_TARGET = 16.0;
				LD_RUNPATH_SEARCH_PATHS = (
					"$(inherited)",
					"@executable_path/Frameworks",
				);
				PRODUCT_BUNDLE_IDENTIFIER = com.jstorrent.ios;
				PRODUCT_NAME = JSTorrent;
				SDKROOT = iphoneos;
				SUPPORTS_MACCATALYST = NO;
				SWIFT_VERSION = 5.1;
				TARGETED_DEVICE_FAMILY = "1,2";
			};
			name = Release;
		};
		4C63FB2EEC22E5A994FF52F1 /* Release */ = {
			isa = XCBuildConfiguration;
			buildSettings = {
				ALWAYS_SEARCH_USER_PATHS = NO;
				CLANG_ANALYZER_NONNULL = YES;
				CLANG_ANALYZER_NUMBER_OBJECT_CONVERSION = YES_AGGRESSIVE;
				CLANG_CXX_LANGUAGE_STANDARD = "gnu++14";
				CLANG_CXX_LIBRARY = "libc++";
				CLANG_ENABLE_MODULES = YES;
				CLANG_ENABLE_OBJC_ARC = YES;
				CLANG_ENABLE_OBJC_WEAK = YES;
				CLANG_WARN_BLOCK_CAPTURE_AUTORELEASING = YES;
				CLANG_WARN_BOOL_CONVERSION = YES;
				CLANG_WARN_COMMA = YES;
				CLANG_WARN_CONSTANT_CONVERSION = YES;
				CLANG_WARN_DEPRECATED_OBJC_IMPLEMENTATIONS = YES;
				CLANG_WARN_DIRECT_OBJC_ISA_USAGE = YES_ERROR;
				CLANG_WARN_DOCUMENTATION_COMMENTS = YES;
				CLANG_WARN_EMPTY_BODY = YES;
				CLANG_WARN_ENUM_CONVERSION = YES;
				CLANG_WARN_INFINITE_RECURSION = YES;
				CLANG_WARN_INT_CONVERSION = YES;
				CLANG_WARN_NON_LITERAL_NULL_CONVERSION = YES;
				CLANG_WARN_OBJC_IMPLICIT_RETAIN_SELF = YES;
				CLANG_WARN_OBJC_LITERAL_CONVERSION = YES;
				CLANG_WARN_OBJC_ROOT_CLASS = YES_ERROR;
				CLANG_WARN_QUOTED_INCLUDE_IN_FRAMEWORK_HEADER = YES;
				CLANG_WARN_RANGE_LOOP_ANALYSIS = YES;
				CLANG_WARN_STRICT_PROTOTYPES = YES;
				CLANG_WARN_SUSPICIOUS_MOVE = YES;
				CLANG_WARN_UNGUARDED_AVAILABILITY = YES_AGGRESSIVE;
				CLANG_WARN_UNREACHABLE_CODE = YES;
				CLANG_WARN__DUPLICATE_METHOD_MATCH = YES;
				COPY_PHASE_STRIP = NO;
				DEBUG_INFORMATION_FORMAT = "dwarf-with-dsym";
				ENABLE_NS_ASSERTIONS = NO;
				ENABLE_STRICT_OBJC_MSGSEND = YES;
				GCC_C_LANGUAGE_STANDARD = gnu11;
				GCC_NO_COMMON_BLOCKS = YES;
				GCC_WARN_64_TO_32_BIT_CONVERSION = YES;
				GCC_WARN_ABOUT_RETURN_TYPE = YES_ERROR;
				GCC_WARN_UNDECLARED_SELECTOR = YES;
				GCC_WARN_UNINITIALIZED_AUTOS = YES_AGGRESSIVE;
				GCC_WARN_UNUSED_FUNCTION = YES;
				GCC_WARN_UNUSED_VARIABLE = YES;
				MTL_ENABLE_DEBUG_INFO = NO;
				MTL_FAST_MATH = YES;
				PRODUCT_NAME = "$(TARGET_NAME)";
				SDKROOT = iphoneos;
				SWIFT_COMPILATION_MODE = wholemodule;
				SWIFT_OPTIMIZATION_LEVEL = "-O";
				SWIFT_VERSION = 5.0;
			};
			name = Release;
		};
		AFA1C1BED8C26AA11517061E /* Debug */ = {
			isa = XCBuildConfiguration;
			buildSettings = {
				ALWAYS_SEARCH_USER_PATHS = NO;
				CLANG_ANALYZER_NONNULL = YES;
				CLANG_ANALYZER_NUMBER_OBJECT_CONVERSION = YES_AGGRESSIVE;
				CLANG_CXX_LANGUAGE_STANDARD = "gnu++14";
				CLANG_CXX_LIBRARY = "libc++";
				CLANG_ENABLE_MODULES = YES;
				CLANG_ENABLE_OBJC_ARC = YES;
				CLANG_ENABLE_OBJC_WEAK = YES;
				CLANG_WARN_BLOCK_CAPTURE_AUTORELEASING = YES;
				CLANG_WARN_BOOL_CONVERSION = YES;
				CLANG_WARN_COMMA = YES;
				CLANG_WARN_CONSTANT_CONVERSION = YES;
				CLANG_WARN_DEPRECATED_OBJC_IMPLEMENTATIONS = YES;
				CLANG_WARN_DIRECT_OBJC_ISA_USAGE = YES_ERROR;
				CLANG_WARN_DOCUMENTATION_COMMENTS = YES;
				CLANG_WARN_EMPTY_BODY = YES;
				CLANG_WARN_ENUM_CONVERSION = YES;
				CLANG_WARN_INFINITE_RECURSION = YES;
				CLANG_WARN_INT_CONVERSION = YES;
				CLANG_WARN_NON_LITERAL_NULL_CONVERSION = YES;
				CLANG_WARN_OBJC_IMPLICIT_RETAIN_SELF = YES;
				CLANG_WARN_OBJC_LITERAL_CONVERSION = YES;
				CLANG_WARN_OBJC_ROOT_CLASS = YES_ERROR;
				CLANG_WARN_QUOTED_INCLUDE_IN_FRAMEWORK_HEADER = YES;
				CLANG_WARN_RANGE_LOOP_ANALYSIS = YES;
				CLANG_WARN_STRICT_PROTOTYPES = YES;
				CLANG_WARN_SUSPICIOUS_MOVE = YES;
				CLANG_WARN_UNGUARDED_AVAILABILITY = YES_AGGRESSIVE;
				CLANG_WARN_UNREACHABLE_CODE = YES;
				CLANG_WARN__DUPLICATE_METHOD_MATCH = YES;
				COPY_PHASE_STRIP = NO;
				DEBUG_INFORMATION_FORMAT = dwarf;
				ENABLE_STRICT_OBJC_MSGSEND = YES;
				ENABLE_TESTABILITY = YES;
				GCC_C_LANGUAGE_STANDARD = gnu11;
				GCC_DYNAMIC_NO_PIC = NO;
				GCC_NO_COMMON_BLOCKS = YES;
				GCC_OPTIMIZATION_LEVEL = 0;
				GCC_PREPROCESSOR_DEFINITIONS = (
					"$(inherited)",
					"DEBUG=1",
				);
				GCC_WARN_64_TO_32_BIT_CONVERSION = YES;
				GCC_WARN_ABOUT_RETURN_TYPE = YES_ERROR;
				GCC_WARN_UNDECLARED_SELECTOR = YES;
				GCC_WARN_UNINITIALIZED_AUTOS = YES_AGGRESSIVE;
				GCC_WARN_UNUSED_FUNCTION = YES;
				GCC_WARN_UNUSED_VARIABLE = YES;
				MTL_ENABLE_DEBUG_INFO = INCLUDE_SOURCE;
				MTL_FAST_MATH = YES;
				ONLY_ACTIVE_ARCH = YES;
				PRODUCT_NAME = "$(TARGET_NAME)";
				SDKROOT = iphoneos;
				SWIFT_ACTIVE_COMPILATION_CONDITIONS = DEBUG;
				SWIFT_OPTIMIZATION_LEVEL = "-Onone";
				SWIFT_VERSION = 5.0;
			};
			name = Debug;
		};
		E1C2154D186F6B57402A56C8 /* Debug */ = {
			isa = XCBuildConfiguration;
			buildSettings = {
				ASSETCATALOG_COMPILER_APPICON_NAME = AppIcon;
				CODE_SIGN_IDENTITY = "iPhone Developer";
				GENERATE_INFOPLIST_FILE = NO;
				INFOPLIST_FILE = JSTorrent/Info.plist;
				IPHONEOS_DEPLOYMENT_TARGET = 16.0;
				LD_RUNPATH_SEARCH_PATHS = (
					"$(inherited)",
					"@executable_path/Frameworks",
				);
				PRODUCT_BUNDLE_IDENTIFIER = com.jstorrent.ios;
				PRODUCT_NAME = JSTorrent;
				SDKROOT = iphoneos;
				SUPPORTS_MACCATALYST = NO;
				SWIFT_VERSION = 5.1;
				TARGETED_DEVICE_FAMILY = "1,2";
			};
			name = Debug;
		};
/* End XCBuildConfiguration section */

/* Begin XCConfigurationList section */
		414723C2C228D69BE4BA80A3 /* Build configuration list for PBXProject "JSTorrent" */ = {
			isa = XCConfigurationList;
			buildConfigurations = (
				AFA1C1BED8C26AA11517061E /* Debug */,
				4C63FB2EEC22E5A994FF52F1 /* Release */,
			);
			defaultConfigurationIsVisible = 0;
			defaultConfigurationName = Debug;
		};
		CFBC116D140E74B06C0F4C3D /* Build configuration list for PBXNativeTarget "JSTorrent" */ = {
			isa = XCConfigurationList;
			buildConfigurations = (
				E1C2154D186F6B57402A56C8 /* Debug */,
				3AEE1CAC69BD215E63D6D18E /* Release */,
			);
			defaultConfigurationIsVisible = 0;
			defaultConfigurationName = Debug;
		};
		DF98ABD329AF8E1DFF6AD4A7 /* Build configuration list for PBXNativeTarget "JSTorrentAppTests" */ = {
			isa = XCConfigurationList;
			buildConfigurations = (
				388AB90FCD691B5DF6E20688 /* Debug */,
				35B6885F8BD03B753B1E16B9 /* Release */,
			);
			defaultConfigurationIsVisible = 0;
			defaultConfigurationName = Debug;
		};
/* End XCConfigurationList section */

/* Begin XCLocalSwiftPackageReference section */
		E6333F41143F5A0EA54893F5 /* XCLocalSwiftPackageReference "JSTorrentKit" */ = {
			isa = XCLocalSwiftPackageReference;
			relativePath = JSTorrentKit;
		};
/* End XCLocalSwiftPackageReference section */

/* Begin XCSwiftPackageProductDependency section */
		1FC6A8EBDD6677BB8585120F /* JSTorrentKit */ = {
			isa = XCSwiftPackageProductDependency;
			productName = JSTorrentKit;
		};
		DBD1CCB10854125B9C670D93 /* JSTorrentKit */ = {
			isa = XCSwiftPackageProductDependency;
			productName = JSTorrentKit;
		};
/* End XCSwiftPackageProductDependency section */
	};
	rootObject = 31DB1013D487875DC93B270E /* Project object */;
}
